
Microsoft Visual Studio Solution File, Format Version 12.00
# Visual Studio Version 16
VisualStudioVersion = 16.0.30204.135
MinimumVisualStudioVersion = 10.0.40219.1
Project("{9A19103F-16F7-4668-BE54-9A1E7A4F7556}") = "Microsoft.ReportViewer.Common", "Microsoft.ReportViewer.Common\Microsoft.ReportViewer.Common.csproj", "{B9C13749-BEEC-4139-8195-F13C4DA10A9E}"
EndProject
Project("{9A19103F-16F7-4668-BE54-9A1E7A4F7556}") = "Microsoft.ReportViewer.DataVisualization", "Microsoft.ReportViewer.DataVisualization\Microsoft.ReportViewer.DataVisualization.csproj", "{BDAE3BD1-FCE1-4742-A217-F7BA05799D34}"
EndProject
Project("{9A19103F-16F7-4668-BE54-9A1E7A4F7556}") = "Microsoft.ReportViewer.ProcessingObjectModel", "Microsoft.ReportViewer.ProcessingObjectModel\Microsoft.ReportViewer.ProcessingObjectModel.csproj", "{D364C9F9-660C-4843-AB34-EF395D0B3C69}"
EndProject
Project("{9A19103F-16F7-4668-BE54-9A1E7A4F7556}") = "Microsoft.ReportViewer.WinForms", "Microsoft.ReportViewer.WinForms\Microsoft.ReportViewer.WinForms.csproj", "{B9938557-FE73-4208-B4D9-29245ACAE6B5}"
EndProject
Global
	GlobalSection(SolutionConfigurationPlatforms) = preSolution
		Debug|Any CPU = Debug|Any CPU
		Release|Any CPU = Release|Any CPU
	EndGlobalSection
	GlobalSection(ProjectConfigurationPlatforms) = postSolution
		{B9C13749-BEEC-4139-8195-F13C4DA10A9E}.Debug|Any CPU.ActiveCfg = Debug|Any CPU
		{B9C13749-BEEC-4139-8195-F13C4DA10A9E}.Debug|Any CPU.Build.0 = Debug|Any CPU
		{B9C13749-BEEC-4139-8195-F13C4DA10A9E}.Release|Any CPU.ActiveCfg = Release|Any CPU
		{B9C13749-BEEC-4139-8195-F13C4DA10A9E}.Release|Any CPU.Build.0 = Release|Any CPU
		{BDAE3BD1-FCE1-4742-A217-F7BA05799D34}.Debug|Any CPU.ActiveCfg = Debug|Any CPU
		{BDAE3BD1-FCE1-4742-A217-F7BA05799D34}.Debug|Any CPU.Build.0 = Debug|Any CPU
		{BDAE3BD1-FCE1-4742-A217-F7BA05799D34}.Release|Any CPU.ActiveCfg = Release|Any CPU
		{BDAE3BD1-FCE1-4742-A217-F7BA05799D34}.Release|Any CPU.Build.0 = Release|Any CPU
		{D364C9F9-660C-4843-AB34-EF395D0B3C69}.Debug|Any CPU.ActiveCfg = Debug|Any CPU
		{D364C9F9-660C-4843-AB34-EF395D0B3C69}.Debug|Any CPU.Build.0 = Debug|Any CPU
		{D364C9F9-660C-4843-AB34-EF395D0B3C69}.Release|Any CPU.ActiveCfg = Release|Any CPU
		{D364C9F9-660C-4843-AB34-EF395D0B3C69}.Release|Any CPU.Build.0 = Release|Any CPU
		{B9938557-FE73-4208-B4D9-29245ACAE6B5}.Debug|Any CPU.ActiveCfg = Debug|Any CPU
		{B9938557-FE73-4208-B4D9-29245ACAE6B5}.Debug|Any CPU.Build.0 = Debug|Any CPU
		{B9938557-FE73-4208-B4D9-29245ACAE6B5}.Release|Any CPU.ActiveCfg = Release|Any CPU
		{B9938557-FE73-4208-B4D9-29245ACAE6B5}.Release|Any CPU.Build.0 = Release|Any CPU
	EndGlobalSection
	GlobalSection(SolutionProperties) = preSolution
		HideSolutionNode = FALSE
	EndGlobalSection
	GlobalSection(ExtensibilityGlobals) = postSolution
		SolutionGuid = {D1BF1BAC-F639-48A2-9CDD-D49DCC442DC9}
	EndGlobalSection
EndGlobal
